
Microsoft Visual Studio Solution File, Format Version 12.00
# Visual Studio Version 17
VisualStudioVersion = 17.11.35312.102
MinimumVisualStudioVersion = 10.0.40219.1
Project("{9A19103F-16F7-4668-BE54-9A1E7A4F7556}") = "01.RandomizeWords", "01.RandomizeWords\01.RandomizeWords.csproj", "{B0C0893A-4F28-4135-85ED-E6CEE2E9D67A}"
EndProject
Project("{9A19103F-16F7-4668-BE54-9A1E7A4F7556}") = "02.BigFactorial", "02.BigFactorial\02.BigFactorial.csproj", "{C3D45532-26BA-469F-8737-FAF3D61D3803}"
EndProject
Project("{9A19103F-16F7-4668-BE54-9A1E7A4F7556}") = "03. Songs", "03. Songs\03. Songs.csproj", "{3B57DA3F-44CE-4456-A66A-690FA67DEAA0}"
EndProject
Project("{9A19103F-16F7-4668-BE54-9A1E7A4F7556}") = "04.Students", "04.Students\04.Students.csproj", "{7CE28401-C107-4D74-B9D8-C5331ECC1483}"
EndProject
Project("{9A19103F-16F7-4668-BE54-9A1E7A4F7556}") = "05.Students2.0", "05.Students2.0\05.Students2.0.csproj", "{A4E9CF2E-48C1-468E-B037-BFAB92553B63}"
EndProject
Project("{FAE04EC0-301F-11D3-BF4B-00C04F79EFBC}") = "06.StoreBoxes", "06.StoreBoxes\06.StoreBoxes.csproj", "{D0DE3CA9-3F67-40F1-BBE1-6DF4C635E1E7}"
EndProject
Project("{FAE04EC0-301F-11D3-BF4B-00C04F79EFBC}") = "07.VehicleCatalogue", "07.VehicleCatalogue\07.VehicleCatalogue.csproj", "{54FCCD40-24B8-42E4-8762-58A6FD29F8AC}"
EndProject
Project("{FAE04EC0-301F-11D3-BF4B-00C04F79EFBC}") = "07.WithConstructor", "07.WithConstructor\07.WithConstructor.csproj", "{12840E5C-8C20-456B-A30E-57CB32292A3B}"
EndProject
Global
	GlobalSection(SolutionConfigurationPlatforms) = preSolution
		Debug|Any CPU = Debug|Any CPU
		Release|Any CPU = Release|Any CPU
	EndGlobalSection
	GlobalSection(ProjectConfigurationPlatforms) = postSolution
		{B0C0893A-4F28-4135-85ED-E6CEE2E9D67A}.Debug|Any CPU.ActiveCfg = Debug|Any CPU
		{B0C0893A-4F28-4135-85ED-E6CEE2E9D67A}.Debug|Any CPU.Build.0 = Debug|Any CPU
		{B0C0893A-4F28-4135-85ED-E6CEE2E9D67A}.Release|Any CPU.ActiveCfg = Release|Any CPU
		{B0C0893A-4F28-4135-85ED-E6CEE2E9D67A}.Release|Any CPU.Build.0 = Release|Any CPU
		{C3D45532-26BA-469F-8737-FAF3D61D3803}.Debug|Any CPU.ActiveCfg = Debug|Any CPU
		{C3D45532-26BA-469F-8737-FAF3D61D3803}.Debug|Any CPU.Build.0 = Debug|Any CPU
		{C3D45532-26BA-469F-8737-FAF3D61D3803}.Release|Any CPU.ActiveCfg = Release|Any CPU
		{C3D45532-26BA-469F-8737-FAF3D61D3803}.Release|Any CPU.Build.0 = Release|Any CPU
		{3B57DA3F-44CE-4456-A66A-690FA67DEAA0}.Debug|Any CPU.ActiveCfg = Debug|Any CPU
		{3B57DA3F-44CE-4456-A66A-690FA67DEAA0}.Debug|Any CPU.Build.0 = Debug|Any CPU
		{3B57DA3F-44CE-4456-A66A-690FA67DEAA0}.Release|Any CPU.ActiveCfg = Release|Any CPU
		{3B57DA3F-44CE-4456-A66A-690FA67DEAA0}.Release|Any CPU.Build.0 = Release|Any CPU
		{7CE28401-C107-4D74-B9D8-C5331ECC1483}.Debug|Any CPU.ActiveCfg = Debug|Any CPU
		{7CE28401-C107-4D74-B9D8-C5331ECC1483}.Debug|Any CPU.Build.0 = Debug|Any CPU
		{7CE28401-C107-4D74-B9D8-C5331ECC1483}.Release|Any CPU.ActiveCfg = Release|Any CPU
		{7CE28401-C107-4D74-B9D8-C5331ECC1483}.Release|Any CPU.Build.0 = Release|Any CPU
		{A4E9CF2E-48C1-468E-B037-BFAB92553B63}.Debug|Any CPU.ActiveCfg = Debug|Any CPU
		{A4E9CF2E-48C1-468E-B037-BFAB92553B63}.Debug|Any CPU.Build.0 = Debug|Any CPU
		{A4E9CF2E-48C1-468E-B037-BFAB92553B63}.Release|Any CPU.ActiveCfg = Release|Any CPU
		{A4E9CF2E-48C1-468E-B037-BFAB92553B63}.Release|Any CPU.Build.0 = Release|Any CPU
		{D0DE3CA9-3F67-40F1-BBE1-6DF4C635E1E7}.Debug|Any CPU.ActiveCfg = Debug|Any CPU
		{D0DE3CA9-3F67-40F1-BBE1-6DF4C635E1E7}.Debug|Any CPU.Build.0 = Debug|Any CPU
		{D0DE3CA9-3F67-40F1-BBE1-6DF4C635E1E7}.Release|Any CPU.ActiveCfg = Release|Any CPU
		{D0DE3CA9-3F67-40F1-BBE1-6DF4C635E1E7}.Release|Any CPU.Build.0 = Release|Any CPU
		{54FCCD40-24B8-42E4-8762-58A6FD29F8AC}.Debug|Any CPU.ActiveCfg = Debug|Any CPU
		{54FCCD40-24B8-42E4-8762-58A6FD29F8AC}.Debug|Any CPU.Build.0 = Debug|Any CPU
		{54FCCD40-24B8-42E4-8762-58A6FD29F8AC}.Release|Any CPU.ActiveCfg = Release|Any CPU
		{54FCCD40-24B8-42E4-8762-58A6FD29F8AC}.Release|Any CPU.Build.0 = Release|Any CPU
		{12840E5C-8C20-456B-A30E-57CB32292A3B}.Debug|Any CPU.ActiveCfg = Debug|Any CPU
		{12840E5C-8C20-456B-A30E-57CB32292A3B}.Debug|Any CPU.Build.0 = Debug|Any CPU
		{12840E5C-8C20-456B-A30E-57CB32292A3B}.Release|Any CPU.ActiveCfg = Release|Any CPU
		{12840E5C-8C20-456B-A30E-57CB32292A3B}.Release|Any CPU.Build.0 = Release|Any CPU
	EndGlobalSection
	GlobalSection(SolutionProperties) = preSolution
		HideSolutionNode = FALSE
	EndGlobalSection
	GlobalSection(ExtensibilityGlobals) = postSolution
		SolutionGuid = {E8F30D36-E38D-441C-969F-6EA67771FDA6}
	EndGlobalSection
EndGlobal
