
Microsoft Visual Studio Solution File, Format Version 12.00
# Visual Studio Version 17
VisualStudioVersion = 17.11.35312.102
MinimumVisualStudioVersion = 10.0.40219.1
Project("{9A19103F-16F7-4668-BE54-9A1E7A4F7556}") = "01.DayOfWeek", "01.DayOfWeek\01.DayOfWeek.csproj", "{50F99E94-0CF6-430A-BD70-A3519BEA9751}"
EndProject
Project("{9A19103F-16F7-4668-BE54-9A1E7A4F7556}") = "02.PrintNumbersInReverseOrder", "02.PrintNumbersInReverseOrder\02.PrintNumbersInReverseOrder.csproj", "{B490C3AE-8923-4E45-868A-6DAD0034943F}"
EndProject
Project("{9A19103F-16F7-4668-BE54-9A1E7A4F7556}") = "03.RoundingNumbers", "03.RoundingNumbers\03.RoundingNumbers.csproj", "{96786435-1A5E-4D84-8535-FB59DBF2E81A}"
EndProject
Project("{9A19103F-16F7-4668-BE54-9A1E7A4F7556}") = "04.ReverseArrayOfStrings", "04.ReverseArrayOfStrings\04.ReverseArrayOfStrings.csproj", "{FD4D1DDF-D287-450A-BAAE-C8C1D99342D5}"
EndProject
Project("{9A19103F-16F7-4668-BE54-9A1E7A4F7556}") = "05.SumEvenNumbers", "05.SumEvenNumbers\05.SumEvenNumbers.csproj", "{BA3C67A0-50FD-438D-8E7D-9FC67E1BD326}"
EndProject
Project("{9A19103F-16F7-4668-BE54-9A1E7A4F7556}") = "06.EvenAndOddSubtraction", "06.EvenAndOddSubtraction\06.EvenAndOddSubtraction.csproj", "{2EC21CD8-1B37-4EF9-A6F0-FBE1A8F17933}"
EndProject
Project("{9A19103F-16F7-4668-BE54-9A1E7A4F7556}") = "07.EqualArrays", "07.EqualArrays\07.EqualArrays.csproj", "{BB8D2BA1-9F9F-4787-8877-935A79C6885F}"
EndProject
Project("{9A19103F-16F7-4668-BE54-9A1E7A4F7556}") = "08.CondenseArrayToNumber", "08.CondenseArrayToNumber\08.CondenseArrayToNumber.csproj", "{6F65F362-1A7C-4931-A01B-17E0351FBF1F}"
EndProject
Project("{FAE04EC0-301F-11D3-BF4B-00C04F79EFBC}") = "09.ArraysWithMultiplayer", "09.ArraysWithMultiplayer\09.ArraysWithMultiplayer.csproj", "{86BAFBAA-77DE-4886-88E3-86CADD7C106C}"
EndProject
Project("{FAE04EC0-301F-11D3-BF4B-00C04F79EFBC}") = "10.ArraysCheck", "10.ArraysCheck\10.ArraysCheck.csproj", "{D0633398-700F-418E-8E18-D610250E8EC8}"
EndProject
Global
	GlobalSection(SolutionConfigurationPlatforms) = preSolution
		Debug|Any CPU = Debug|Any CPU
		Release|Any CPU = Release|Any CPU
	EndGlobalSection
	GlobalSection(ProjectConfigurationPlatforms) = postSolution
		{50F99E94-0CF6-430A-BD70-A3519BEA9751}.Debug|Any CPU.ActiveCfg = Debug|Any CPU
		{50F99E94-0CF6-430A-BD70-A3519BEA9751}.Debug|Any CPU.Build.0 = Debug|Any CPU
		{50F99E94-0CF6-430A-BD70-A3519BEA9751}.Release|Any CPU.ActiveCfg = Release|Any CPU
		{50F99E94-0CF6-430A-BD70-A3519BEA9751}.Release|Any CPU.Build.0 = Release|Any CPU
		{B490C3AE-8923-4E45-868A-6DAD0034943F}.Debug|Any CPU.ActiveCfg = Debug|Any CPU
		{B490C3AE-8923-4E45-868A-6DAD0034943F}.Debug|Any CPU.Build.0 = Debug|Any CPU
		{B490C3AE-8923-4E45-868A-6DAD0034943F}.Release|Any CPU.ActiveCfg = Release|Any CPU
		{B490C3AE-8923-4E45-868A-6DAD0034943F}.Release|Any CPU.Build.0 = Release|Any CPU
		{96786435-1A5E-4D84-8535-FB59DBF2E81A}.Debug|Any CPU.ActiveCfg = Debug|Any CPU
		{96786435-1A5E-4D84-8535-FB59DBF2E81A}.Debug|Any CPU.Build.0 = Debug|Any CPU
		{96786435-1A5E-4D84-8535-FB59DBF2E81A}.Release|Any CPU.ActiveCfg = Release|Any CPU
		{96786435-1A5E-4D84-8535-FB59DBF2E81A}.Release|Any CPU.Build.0 = Release|Any CPU
		{FD4D1DDF-D287-450A-BAAE-C8C1D99342D5}.Debug|Any CPU.ActiveCfg = Debug|Any CPU
		{FD4D1DDF-D287-450A-BAAE-C8C1D99342D5}.Debug|Any CPU.Build.0 = Debug|Any CPU
		{FD4D1DDF-D287-450A-BAAE-C8C1D99342D5}.Release|Any CPU.ActiveCfg = Release|Any CPU
		{FD4D1DDF-D287-450A-BAAE-C8C1D99342D5}.Release|Any CPU.Build.0 = Release|Any CPU
		{BA3C67A0-50FD-438D-8E7D-9FC67E1BD326}.Debug|Any CPU.ActiveCfg = Debug|Any CPU
		{BA3C67A0-50FD-438D-8E7D-9FC67E1BD326}.Debug|Any CPU.Build.0 = Debug|Any CPU
		{BA3C67A0-50FD-438D-8E7D-9FC67E1BD326}.Release|Any CPU.ActiveCfg = Release|Any CPU
		{BA3C67A0-50FD-438D-8E7D-9FC67E1BD326}.Release|Any CPU.Build.0 = Release|Any CPU
		{2EC21CD8-1B37-4EF9-A6F0-FBE1A8F17933}.Debug|Any CPU.ActiveCfg = Debug|Any CPU
		{2EC21CD8-1B37-4EF9-A6F0-FBE1A8F17933}.Debug|Any CPU.Build.0 = Debug|Any CPU
		{2EC21CD8-1B37-4EF9-A6F0-FBE1A8F17933}.Release|Any CPU.ActiveCfg = Release|Any CPU
		{2EC21CD8-1B37-4EF9-A6F0-FBE1A8F17933}.Release|Any CPU.Build.0 = Release|Any CPU
		{BB8D2BA1-9F9F-4787-8877-935A79C6885F}.Debug|Any CPU.ActiveCfg = Debug|Any CPU
		{BB8D2BA1-9F9F-4787-8877-935A79C6885F}.Debug|Any CPU.Build.0 = Debug|Any CPU
		{BB8D2BA1-9F9F-4787-8877-935A79C6885F}.Release|Any CPU.ActiveCfg = Release|Any CPU
		{BB8D2BA1-9F9F-4787-8877-935A79C6885F}.Release|Any CPU.Build.0 = Release|Any CPU
		{6F65F362-1A7C-4931-A01B-17E0351FBF1F}.Debug|Any CPU.ActiveCfg = Debug|Any CPU
		{6F65F362-1A7C-4931-A01B-17E0351FBF1F}.Debug|Any CPU.Build.0 = Debug|Any CPU
		{6F65F362-1A7C-4931-A01B-17E0351FBF1F}.Release|Any CPU.ActiveCfg = Release|Any CPU
		{6F65F362-1A7C-4931-A01B-17E0351FBF1F}.Release|Any CPU.Build.0 = Release|Any CPU
		{86BAFBAA-77DE-4886-88E3-86CADD7C106C}.Debug|Any CPU.ActiveCfg = Debug|Any CPU
		{86BAFBAA-77DE-4886-88E3-86CADD7C106C}.Debug|Any CPU.Build.0 = Debug|Any CPU
		{86BAFBAA-77DE-4886-88E3-86CADD7C106C}.Release|Any CPU.ActiveCfg = Release|Any CPU
		{86BAFBAA-77DE-4886-88E3-86CADD7C106C}.Release|Any CPU.Build.0 = Release|Any CPU
		{D0633398-700F-418E-8E18-D610250E8EC8}.Debug|Any CPU.ActiveCfg = Debug|Any CPU
		{D0633398-700F-418E-8E18-D610250E8EC8}.Debug|Any CPU.Build.0 = Debug|Any CPU
		{D0633398-700F-418E-8E18-D610250E8EC8}.Release|Any CPU.ActiveCfg = Release|Any CPU
		{D0633398-700F-418E-8E18-D610250E8EC8}.Release|Any CPU.Build.0 = Release|Any CPU
	EndGlobalSection
	GlobalSection(SolutionProperties) = preSolution
		HideSolutionNode = FALSE
	EndGlobalSection
	GlobalSection(ExtensibilityGlobals) = postSolution
		SolutionGuid = {57C2ECAB-7144-43F0-9758-A0C6714C996A}
	EndGlobalSection
EndGlobal
